{
  "name": "@veryconnect/tg-froala",
  "version": "2.1.10",
  "lockfileVersion": 2,
  "requires": true,
  "packages": {
    "": {
      "name": "@veryconnect/tg-froala",
      "version": "2.1.10",
      "dependencies": {
        "tslib": "^2.0.0"
      },
      "devDependencies": {
        "font-awesome": "^4.7.0",
        "froala-editor": "^3.1.1"
      },
      "peerDependencies": {
        "@angular/common": "^13.0.0",
        "@angular/core": "^13.0.0",
        "font-awesome": "^4.7.0",
        "froala-editor": "^3.1.0",
        "rxjs": "^7.0.0"
      }
    },
    "node_modules/@angular/common": {
      "version": "13.1.3",
      "resolved": "https://registry.npmjs.org/@angular/common/-/common-13.1.3.tgz",
      "integrity": "sha512-8qf5syeXUogf3+GSu6IRJjrk46UKh9L0QuLx+OSIl/df0y1ewx7e28q3BAUEEnOnKrLzpPNxWs2iwModc4KYfg==",
      "peer": true,
      "dependencies": {
        "tslib": "^2.3.0"
      },
      "engines": {
        "node": "^12.20.0 || ^14.15.0 || >=16.10.0"
      },
      "peerDependencies": {
        "@angular/core": "13.1.3",
        "rxjs": "^6.5.3 || ^7.4.0"
      }
    },
    "node_modules/@angular/core": {
      "version": "13.1.3",
      "resolved": "https://registry.npmjs.org/@angular/core/-/core-13.1.3.tgz",
      "integrity": "sha512-rvCnIAonRx7VnH2Mv9lQR+UYdlFQQetZCjPw8QOswOspEpHpEPDrp1HxDIqJnHxNqW0n8J3Zev/VgQYr0481UA==",
      "peer": true,
      "dependencies": {
        "tslib": "^2.3.0"
      },
      "engines": {
        "node": "^12.20.0 || ^14.15.0 || >=16.10.0"
      },
      "peerDependencies": {
        "rxjs": "^6.5.3 || ^7.4.0",
        "zone.js": "~0.11.4"
      }
    },
    "node_modules/font-awesome": {
      "version": "4.7.0",
      "resolved": "https://registry.npmjs.org/font-awesome/-/font-awesome-4.7.0.tgz",
      "integrity": "sha1-j6jPBBGhoxr9B7BtKQK7n8gVoTM=",
      "dev": true,
      "engines": {
        "node": ">=0.10.3"
      }
    },
    "node_modules/froala-editor": {
      "version": "3.2.7",
      "resolved": "https://registry.npmjs.org/froala-editor/-/froala-editor-3.2.7.tgz",
      "integrity": "sha512-/nHMuA/MYZnNx0TbrGnGJoiRuRHFN6JKtvfV6So0j3Ijwyj48s8NhU4AAzQx4ge8Jx5JmcHf5jJX4sDcJAU+CQ==",
      "dev": true
    },
    "node_modules/rxjs": {
      "version": "7.5.2",
      "resolved": "https://registry.npmjs.org/rxjs/-/rxjs-7.5.2.tgz",
      "integrity": "sha512-PwDt186XaL3QN5qXj/H9DGyHhP3/RYYgZZwqBv9Tv8rsAaiwFH1IsJJlcgD37J7UW5a6O67qX0KWKS3/pu0m4w==",
      "peer": true,
      "dependencies": {
        "tslib": "^2.1.0"
      }
    },
    "node_modules/tslib": {
      "version": "2.3.1",
      "resolved": "https://registry.npmjs.org/tslib/-/tslib-2.3.1.tgz",
      "integrity": "sha512-77EbyPPpMz+FRFRuAFlWMtmgUWGe9UOG2Z25NqCwiIjRhOf5iKGuzSe5P2w1laq+FkRy4p+PCuVkJSGkzTEKVw=="
    },
    "node_modules/zone.js": {
      "version": "0.11.4",
      "resolved": "https://registry.npmjs.org/zone.js/-/zone.js-0.11.4.tgz",
      "integrity": "sha512-DDh2Ab+A/B+9mJyajPjHFPWfYU1H+pdun4wnnk0OcQTNjem1XQSZ2CDW+rfZEUDjv5M19SBqAkjZi0x5wuB5Qw==",
      "peer": true,
      "dependencies": {
        "tslib": "^2.0.0"
      }
    }
  },
  "dependencies": {
    "@angular/common": {
      "version": "13.1.3",
      "resolved": "https://registry.npmjs.org/@angular/common/-/common-13.1.3.tgz",
      "integrity": "sha512-8qf5syeXUogf3+GSu6IRJjrk46UKh9L0QuLx+OSIl/df0y1ewx7e28q3BAUEEnOnKrLzpPNxWs2iwModc4KYfg==",
      "peer": true,
      "requires": {
        "tslib": "^2.3.0"
      }
    },
    "@angular/core": {
      "version": "13.1.3",
      "resolved": "https://registry.npmjs.org/@angular/core/-/core-13.1.3.tgz",
      "integrity": "sha512-rvCnIAonRx7VnH2Mv9lQR+UYdlFQQetZCjPw8QOswOspEpHpEPDrp1HxDIqJnHxNqW0n8J3Zev/VgQYr0481UA==",
      "peer": true,
      "requires": {
        "tslib": "^2.3.0"
      }
    },
    "font-awesome": {
      "version": "4.7.0",
      "resolved": "https://registry.npmjs.org/font-awesome/-/font-awesome-4.7.0.tgz",
      "integrity": "sha1-j6jPBBGhoxr9B7BtKQK7n8gVoTM=",
      "dev": true
    },
    "froala-editor": {
      "version": "3.2.7",
      "resolved": "https://registry.npmjs.org/froala-editor/-/froala-editor-3.2.7.tgz",
      "integrity": "sha512-/nHMuA/MYZnNx0TbrGnGJoiRuRHFN6JKtvfV6So0j3Ijwyj48s8NhU4AAzQx4ge8Jx5JmcHf5jJX4sDcJAU+CQ==",
      "dev": true
    },
    "rxjs": {
      "version": "7.5.2",
      "resolved": "https://registry.npmjs.org/rxjs/-/rxjs-7.5.2.tgz",
      "integrity": "sha512-PwDt186XaL3QN5qXj/H9DGyHhP3/RYYgZZwqBv9Tv8rsAaiwFH1IsJJlcgD37J7UW5a6O67qX0KWKS3/pu0m4w==",
      "peer": true,
      "requires": {
        "tslib": "^2.1.0"
      }
    },
    "tslib": {
      "version": "2.3.1",
      "resolved": "https://registry.npmjs.org/tslib/-/tslib-2.3.1.tgz",
      "integrity": "sha512-77EbyPPpMz+FRFRuAFlWMtmgUWGe9UOG2Z25NqCwiIjRhOf5iKGuzSe5P2w1laq+FkRy4p+PCuVkJSGkzTEKVw=="
    },
    "zone.js": {
      "version": "0.11.4",
      "resolved": "https://registry.npmjs.org/zone.js/-/zone.js-0.11.4.tgz",
      "integrity": "sha512-DDh2Ab+A/B+9mJyajPjHFPWfYU1H+pdun4wnnk0OcQTNjem1XQSZ2CDW+rfZEUDjv5M19SBqAkjZi0x5wuB5Qw==",
      "peer": true,
      "requires": {
        "tslib": "^2.0.0"
      }
    }
  }
}
